
Microsoft Visual Studio Solution File, Format Version 12.00
# Visual Studio Version 17
VisualStudioVersion = 17.4.32804.182
MinimumVisualStudioVersion = 10.0.40219.1
Project("{9A19103F-16F7-4668-BE54-9A1E7A4F7556}") = "BlazorNet7bindAfterRenderSample", "BlazorNet7bindAfterRenderSample.csproj", "{53F983B0-D9E0-4EF7-BB1E-346B0072F88B}"
EndProject
Global
	GlobalSection(SolutionConfigurationPlatforms) = preSolution
		Debug|Any CPU = Debug|Any CPU
		Release|Any CPU = Release|Any CPU
	EndGlobalSection
	GlobalSection(ProjectConfigurationPlatforms) = postSolution
		{53F983B0-D9E0-4EF7-BB1E-346B0072F88B}.Debug|Any CPU.ActiveCfg = Debug|Any CPU
		{53F983B0-D9E0-4EF7-BB1E-346B0072F88B}.Debug|Any CPU.Build.0 = Debug|Any CPU
		{53F983B0-D9E0-4EF7-BB1E-346B0072F88B}.Release|Any CPU.ActiveCfg = Release|Any CPU
		{53F983B0-D9E0-4EF7-BB1E-346B0072F88B}.Release|Any CPU.Build.0 = Release|Any CPU
	EndGlobalSection
	GlobalSection(SolutionProperties) = preSolution
		HideSolutionNode = FALSE
	EndGlobalSection
	GlobalSection(ExtensibilityGlobals) = postSolution
		SolutionGuid = {9693EB63-9234-4A52-9C2A-2659E597530D}
	EndGlobalSection
EndGlobal
